# THIS IS AN AUTOGENERATED FILE. DO NOT EDIT THIS FILE DIRECTLY.
# yarn lockfile v1


latex.css@^1.0.2:
  version "1.0.2"
  resolved "https://registry.yarnpkg.com/latex.css/-/latex.css-1.0.2.tgz#a34551b2bb06a36f9a317797a944216c5dc44a68"
  integrity sha512-QYwAgUyY3B+/g6hDB56ObMieBxHGuNDgP8HUI2U5gmZokTyE3Nm9yhbjqhISVcbOxyW228cfrE9AxNoR1l+IbA==
